
Microsoft Visual Studio Solution File, Format Version 12.00
# Visual Studio Version 17
VisualStudioVersion = 17.6.33815.320
MinimumVisualStudioVersion = 10.0.40219.1
Project("{9A19103F-16F7-4668-BE54-9A1E7A4F7556}") = "HackerRank", "HackerRank\HackerRank.csproj", "{840C508E-480F-485F-9689-1F54D22FCF65}"
EndProject
Global
	GlobalSection(SolutionConfigurationPlatforms) = preSolution
		Debug|Any CPU = Debug|Any CPU
		Release|Any CPU = Release|Any CPU
	EndGlobalSection
	GlobalSection(ProjectConfigurationPlatforms) = postSolution
		{840C508E-480F-485F-9689-1F54D22FCF65}.Debug|Any CPU.ActiveCfg = Debug|Any CPU
		{840C508E-480F-485F-9689-1F54D22FCF65}.Debug|Any CPU.Build.0 = Debug|Any CPU
		{840C508E-480F-485F-9689-1F54D22FCF65}.Release|Any CPU.ActiveCfg = Release|Any CPU
		{840C508E-480F-485F-9689-1F54D22FCF65}.Release|Any CPU.Build.0 = Release|Any CPU
	EndGlobalSection
	GlobalSection(SolutionProperties) = preSolution
		HideSolutionNode = FALSE
	EndGlobalSection
	GlobalSection(ExtensibilityGlobals) = postSolution
		SolutionGuid = {285BCF30-D627-4760-B5C0-82202A048866}
	EndGlobalSection
EndGlobal
